
Microsoft Visual Studio Solution File, Format Version 12.00
Project("{FAE04EC0-301F-11D3-BF4B-00C04F79EFBC}") = "FoolGameWpf", "FoolGameWpf\FoolGameWpf.csproj", "{309FD273-C15E-44FF-B1C0-F5F246F341BB}"
EndProject
Global
	GlobalSection(SolutionConfigurationPlatforms) = preSolution
		Debug|Any CPU = Debug|Any CPU
		Release|Any CPU = Release|Any CPU
	EndGlobalSection
	GlobalSection(ProjectConfigurationPlatforms) = postSolution
		{309FD273-C15E-44FF-B1C0-F5F246F341BB}.Debug|Any CPU.ActiveCfg = Debug|Any CPU
		{309FD273-C15E-44FF-B1C0-F5F246F341BB}.Debug|Any CPU.Build.0 = Debug|Any CPU
		{309FD273-C15E-44FF-B1C0-F5F246F341BB}.Release|Any CPU.ActiveCfg = Release|Any CPU
		{309FD273-C15E-44FF-B1C0-F5F246F341BB}.Release|Any CPU.Build.0 = Release|Any CPU
	EndGlobalSection
EndGlobal
